<Solution>
  <Project Path="ImageGallery.API/ImageGallery.API.csproj" />
  <Project Path="ImageGallery.Authorization/ImageGallery.Authorization.csproj" Id="d9a1fcbd-ce96-455b-bdda-efa084e6cf62" />
  <Project Path="ImageGallery.BFF/ImageGallery.BFF.csproj" />
  <Project Path="ImageGallery.Client/ImageGallery.Client.csproj" />
  <Project Path="ImageGallery.IdentityServer/ImageGallery.IdentityServer.csproj" />
  <Project Path="ImageGallery.Model/ImageGallery.Model.csproj" />
</Solution>
